<?xml version="1.0" encoding="utf-8"?>
<Project ToolsVersion="4.0" xmlns="http://schemas.microsoft.com/developer/msbuild/2003">
  <ItemGroup>
    <Filter Include="Include">
      <UniqueIdentifier>{7309cf85-f35a-43d0-b222-647449f0c9bc}</UniqueIdentifier>
    </Filter>
    <Filter Include="src">
      <UniqueIdentifier>{2227fc33-8a17-47d3-b82d-3b969ec8c29a}</UniqueIdentifier>
    </Filter>
    <Filter Include="Lib">
      <UniqueIdentifier>{f24d6b41-100c-4176-bb36-3bd4f9be6649}</UniqueIdentifier>
    </Filter>
  </ItemGroup>
  <ItemGroup>
    <ClCompile Include="mainDiskIdTests.cpp" />
    <ClCompile Include="DiskIdTests.cpp">
      <Filter>src</Filter>
    </ClCompile>
    <ClCompile Include="..\src\diskid.cpp">
      <Filter>Lib</Filter>
    </ClCompile>
    <ClCompile Include="..\src\networkID.cpp">
      <Filter>Lib</Filter>
    </ClCompile>
    <ClCompile Include="..\..\CommonLib\src\dataLogger.cpp">
      <Filter>Lib</Filter>
    </ClCompile>
  </ItemGroup>
  <ItemGroup>
    <ClInclude Include="..\Inc\diskid.h">
      <Filter>Include</Filter>
    </ClInclude>
  </ItemGroup>
</Project>